
Microsoft Visual Studio Solution File, Format Version 12.00
# Visual Studio Version 16
VisualStudioVersion = 16.0.31205.134
MinimumVisualStudioVersion = 10.0.40219.1
Project("{9A19103F-16F7-4668-BE54-9A1E7A4F7556}") = "Entities", "Entities\Entities.csproj", "{2DBD34E3-F453-4D46-87F8-75BAAC74F626}"
EndProject
Project("{9A19103F-16F7-4668-BE54-9A1E7A4F7556}") = "Core", "Core\Core.csproj", "{725D2DB4-2881-4ABE-B997-23ABF69EE658}"
EndProject
Project("{9A19103F-16F7-4668-BE54-9A1E7A4F7556}") = "Business", "Business\Business.csproj", "{F7F5511B-A4AE-4792-A0F2-E27A0B8AFE1A}"
EndProject
Project("{9A19103F-16F7-4668-BE54-9A1E7A4F7556}") = "DataAccesss", "DataAccesss\DataAccesss.csproj", "{017C1DF2-70ED-438A-BC3F-4023757C5055}"
EndProject
Global
	GlobalSection(SolutionConfigurationPlatforms) = preSolution
		Debug|Any CPU = Debug|Any CPU
		Release|Any CPU = Release|Any CPU
	EndGlobalSection
	GlobalSection(ProjectConfigurationPlatforms) = postSolution
		{2DBD34E3-F453-4D46-87F8-75BAAC74F626}.Debug|Any CPU.ActiveCfg = Debug|Any CPU
		{2DBD34E3-F453-4D46-87F8-75BAAC74F626}.Debug|Any CPU.Build.0 = Debug|Any CPU
		{2DBD34E3-F453-4D46-87F8-75BAAC74F626}.Release|Any CPU.ActiveCfg = Release|Any CPU
		{2DBD34E3-F453-4D46-87F8-75BAAC74F626}.Release|Any CPU.Build.0 = Release|Any CPU
		{725D2DB4-2881-4ABE-B997-23ABF69EE658}.Debug|Any CPU.ActiveCfg = Debug|Any CPU
		{725D2DB4-2881-4ABE-B997-23ABF69EE658}.Debug|Any CPU.Build.0 = Debug|Any CPU
		{725D2DB4-2881-4ABE-B997-23ABF69EE658}.Release|Any CPU.ActiveCfg = Release|Any CPU
		{725D2DB4-2881-4ABE-B997-23ABF69EE658}.Release|Any CPU.Build.0 = Release|Any CPU
		{F7F5511B-A4AE-4792-A0F2-E27A0B8AFE1A}.Debug|Any CPU.ActiveCfg = Debug|Any CPU
		{F7F5511B-A4AE-4792-A0F2-E27A0B8AFE1A}.Debug|Any CPU.Build.0 = Debug|Any CPU
		{F7F5511B-A4AE-4792-A0F2-E27A0B8AFE1A}.Release|Any CPU.ActiveCfg = Release|Any CPU
		{F7F5511B-A4AE-4792-A0F2-E27A0B8AFE1A}.Release|Any CPU.Build.0 = Release|Any CPU
		{017C1DF2-70ED-438A-BC3F-4023757C5055}.Debug|Any CPU.ActiveCfg = Debug|Any CPU
		{017C1DF2-70ED-438A-BC3F-4023757C5055}.Debug|Any CPU.Build.0 = Debug|Any CPU
		{017C1DF2-70ED-438A-BC3F-4023757C5055}.Release|Any CPU.ActiveCfg = Release|Any CPU
		{017C1DF2-70ED-438A-BC3F-4023757C5055}.Release|Any CPU.Build.0 = Release|Any CPU
	EndGlobalSection
	GlobalSection(SolutionProperties) = preSolution
		HideSolutionNode = FALSE
	EndGlobalSection
	GlobalSection(ExtensibilityGlobals) = postSolution
		SolutionGuid = {A8DE3DA8-6304-4A0E-92E3-1AC0EFADBB84}
	EndGlobalSection
EndGlobal
